// !$*UTF8*$!
{
	archiveVersion = 1;
	classes = {
	};
	objectVersion = 77;
	objects = {

/* Begin PBXContainerItemProxy section */
		D3148D1E2D53AEE700798B3D /* PBXContainerItemProxy */ = {
			isa = PBXContainerItemProxy;
			containerPortal = D3148D052D53AEE600798B3D /* Project object */;
			proxyType = 1;
			remoteGlobalIDString = D3148D0C2D53AEE600798B3D;
			remoteInfo = GoogleAuth2;
		};
		D3148D282D53AEE700798B3D /* PBXContainerItemProxy */ = {
			isa = PBXContainerItemProxy;
			containerPortal = D3148D052D53AEE600798B3D /* Project object */;
			proxyType = 1;
			remoteGlobalIDString = D3148D0C2D53AEE600798B3D;
			remoteInfo = GoogleAuth2;
		};
/* End PBXContainerItemProxy section */

/* Begin PBXFileReference section */
		D3148D0D2D53AEE600798B3D /* GoogleAuth2.app */ = {isa = PBXFileReference; explicitFileType = wrapper.application; includeInIndex = 0; path = GoogleAuth2.app; sourceTree = BUILT_PRODUCTS_DIR; };
		D3148D1D2D53AEE700798B3D /* GoogleAuth2Tests.xctest */ = {isa = PBXFileReference; explicitFileType = wrapper.cfbundle; includeInIndex = 0; path = GoogleAuth2Tests.xctest; sourceTree = BUILT_PRODUCTS_DIR; };
		D3148D272D53AEE700798B3D /* GoogleAuth2UITests.xctest */ = {isa = PBXFileReference; explicitFileType = wrapper.cfbundle; includeInIndex = 0; path = GoogleAuth2UITests.xctest; sourceTree = BUILT_PRODUCTS_DIR; };
/* End PBXFileReference section */

/* Begin PBXFileSystemSynchronizedRootGroup section */
		D3148D0F2D53AEE600798B3D /* GoogleAuth2 */ = {
			isa = PBXFileSystemSynchronizedRootGroup;
			path = GoogleAuth2;
			sourceTree = "<group>";
		};
		D3148D202D53AEE700798B3D /* GoogleAuth2Tests */ = {
			isa = PBXFileSystemSynchronizedRootGroup;
			path = GoogleAuth2Tests;
			sourceTree = "<group>";
		};
		D3148D2A2D53AEE700798B3D /* GoogleAuth2UITests */ = {
			isa = PBXFileSystemSynchronizedRootGroup;
			path = GoogleAuth2UITests;
			sourceTree = "<group>";
		};
/* End PBXFileSystemSynchronizedRootGroup section */

/* Begin PBXFrameworksBuildPhase section */
		D3148D0A2D53AEE600798B3D /* Frameworks */ = {
			isa = PBXFrameworksBuildPhase;
			buildActionMask = 2147483647;
			files = (
			);
			runOnlyForDeploymentPostprocessing = 0;
		};
		D3148D1A2D53AEE700798B3D /* Frameworks */ = {
			isa = PBXFrameworksBuildPhase;
			buildActionMask = 2147483647;
			files = (
			);
			runOnlyForDeploymentPostprocessing = 0;
		};
		D3148D242D53AEE700798B3D /* Frameworks */ = {
			isa = PBXFrameworksBuildPhase;
			buildActionMask = 2147483647;
			files = (
			);
			runOnlyForDeploymentPostprocessing = 0;
		};
/* End PBXFrameworksBuildPhase section */

/* Begin PBXGroup section */
		D3148D042D53AEE600798B3D = {
			isa = PBXGroup;
			children = (
				D3148D0F2D53AEE600798B3D /* GoogleAuth2 */,
				D3148D202D53AEE700798B3D /* GoogleAuth2Tests */,
				D3148D2A2D53AEE700798B3D /* GoogleAuth2UITests */,
				D3148D0E2D53AEE600798B3D /* Products */,
			);
			sourceTree = "<group>";
		};
		D3148D0E2D53AEE600798B3D /* Products */ = {
			isa = PBXGroup;
			children = (
				D3148D0D2D53AEE600798B3D /* GoogleAuth2.app */,
				D3148D1D2D53AEE700798B3D /* GoogleAuth2Tests.xctest */,
				D3148D272D53AEE700798B3D /* GoogleAuth2UITests.xctest */,
			);
			name = Products;
			sourceTree = "<group>";
		};
/* End PBXGroup section */

/* Begin PBXNativeTarget section */
		D3148D0C2D53AEE600798B3D /* GoogleAuth2 */ = {
			isa = PBXNativeTarget;
			buildConfigurationList = D3148D312D53AEE700798B3D /* Build configuration list for PBXNativeTarget "GoogleAuth2" */;
			buildPhases = (
				D3148D092D53AEE600798B3D /* Sources */,
				D3148D0A2D53AEE600798B3D /* Frameworks */,
				D3148D0B2D53AEE600798B3D /* Resources */,
			);
			buildRules = (
			);
			dependencies = (
			);
			fileSystemSynchronizedGroups = (
				D3148D0F2D53AEE600798B3D /* GoogleAuth2 */,
			);
			name = GoogleAuth2;
			packageProductDependencies = (
			);
			productName = GoogleAuth2;
			productReference = D3148D0D2D53AEE600798B3D /* GoogleAuth2.app */;
			productType = "com.apple.product-type.application";
		};
		D3148D1C2D53AEE700798B3D /* GoogleAuth2Tests */ = {
			isa = PBXNativeTarget;
			buildConfigurationList = D3148D342D53AEE700798B3D /* Build configuration list for PBXNativeTarget "GoogleAuth2Tests" */;
			buildPhases = (
				D3148D192D53AEE700798B3D /* Sources */,
				D3148D1A2D53AEE700798B3D /* Frameworks */,
				D3148D1B2D53AEE700798B3D /* Resources */,
			);
			buildRules = (
			);
			dependencies = (
				D3148D1F2D53AEE700798B3D /* PBXTargetDependency */,
			);
			fileSystemSynchronizedGroups = (
				D3148D202D53AEE700798B3D /* GoogleAuth2Tests */,
			);
			name = GoogleAuth2Tests;
			packageProductDependencies = (
			);
			productName = GoogleAuth2Tests;
			productReference = D3148D1D2D53AEE700798B3D /* GoogleAuth2Tests.xctest */;
			productType = "com.apple.product-type.bundle.unit-test";
		};
		D3148D262D53AEE700798B3D /* GoogleAuth2UITests */ = {
			isa = PBXNativeTarget;
			buildConfigurationList = D3148D372D53AEE700798B3D /* Build configuration list for PBXNativeTarget "GoogleAuth2UITests" */;
			buildPhases = (
				D3148D232D53AEE700798B3D /* Sources */,
				D3148D242D53AEE700798B3D /* Frameworks */,
				D3148D252D53AEE700798B3D /* Resources */,
			);
			buildRules = (
			);
			dependencies = (
				D3148D292D53AEE700798B3D /* PBXTargetDependency */,
			);
			fileSystemSynchronizedGroups = (
				D3148D2A2D53AEE700798B3D /* GoogleAuth2UITests */,
			);
			name = GoogleAuth2UITests;
			packageProductDependencies = (
			);
			productName = GoogleAuth2UITests;
			productReference = D3148D272D53AEE700798B3D /* GoogleAuth2UITests.xctest */;
			productType = "com.apple.product-type.bundle.ui-testing";
		};
/* End PBXNativeTarget section */

/* Begin PBXProject section */
		D3148D052D53AEE600798B3D /* Project object */ = {
			isa = PBXProject;
			attributes = {
				BuildIndependentTargetsInParallel = 1;
				LastSwiftUpdateCheck = 1620;
				LastUpgradeCheck = 1620;
				TargetAttributes = {
					D3148D0C2D53AEE600798B3D = {
						CreatedOnToolsVersion = 16.2;
					};
					D3148D1C2D53AEE700798B3D = {
						CreatedOnToolsVersion = 16.2;
						TestTargetID = D3148D0C2D53AEE600798B3D;
					};
					D3148D262D53AEE700798B3D = {
						CreatedOnToolsVersion = 16.2;
						TestTargetID = D3148D0C2D53AEE600798B3D;
					};
				};
			};
			buildConfigurationList = D3148D082D53AEE600798B3D /* Build configuration list for PBXProject "GoogleAuth2" */;
			developmentRegion = en;
			hasScannedForEncodings = 0;
			knownRegions = (
				en,
				Base,
			);
			mainGroup = D3148D042D53AEE600798B3D;
			minimizedProjectReferenceProxies = 1;
			preferredProjectObjectVersion = 77;
			productRefGroup = D3148D0E2D53AEE600798B3D /* Products */;
			projectDirPath = "";
			projectRoot = "";
			targets = (
				D3148D0C2D53AEE600798B3D /* GoogleAuth2 */,
				D3148D1C2D53AEE700798B3D /* GoogleAuth2Tests */,
				D3148D262D53AEE700798B3D /* GoogleAuth2UITests */,
			);
		};
/* End PBXProject section */

/* Begin PBXResourcesBuildPhase section */
		D3148D0B2D53AEE600798B3D /* Resources */ = {
			isa = PBXResourcesBuildPhase;
			buildActionMask = 2147483647;
			files = (
			);
			runOnlyForDeploymentPostprocessing = 0;
		};
		D3148D1B2D53AEE700798B3D /* Resources */ = {
			isa = PBXResourcesBuildPhase;
			buildActionMask = 2147483647;
			files = (
			);
			runOnlyForDeploymentPostprocessing = 0;
		};
		D3148D252D53AEE700798B3D /* Resources */ = {
			isa = PBXResourcesBuildPhase;
			buildActionMask = 2147483647;
			files = (
			);
			runOnlyForDeploymentPostprocessing = 0;
		};
/* End PBXResourcesBuildPhase section */

/* Begin PBXSourcesBuildPhase section */
		D3148D092D53AEE600798B3D /* Sources */ = {
			isa = PBXSourcesBuildPhase;
			buildActionMask = 2147483647;
			files = (
			);
			runOnlyForDeploymentPostprocessing = 0;
		};
		D3148D192D53AEE700798B3D /* Sources */ = {
			isa = PBXSourcesBuildPhase;
			buildActionMask = 2147483647;
			files = (
			);
			runOnlyForDeploymentPostprocessing = 0;
		};
		D3148D232D53AEE700798B3D /* Sources */ = {
			isa = PBXSourcesBuildPhase;
			buildActionMask = 2147483647;
			files = (
			);
			runOnlyForDeploymentPostprocessing = 0;
		};
/* End PBXSourcesBuildPhase section */

/* Begin PBXTargetDependency section */
		D3148D1F2D53AEE700798B3D /* PBXTargetDependency */ = {
			isa = PBXTargetDependency;
			target = D3148D0C2D53AEE600798B3D /* GoogleAuth2 */;
			targetProxy = D3148D1E2D53AEE700798B3D /* PBXContainerItemProxy */;
		};
		D3148D292D53AEE700798B3D /* PBXTargetDependency */ = {
			isa = PBXTargetDependency;
			target = D3148D0C2D53AEE600798B3D /* GoogleAuth2 */;
			targetProxy = D3148D282D53AEE700798B3D /* PBXContainerItemProxy */;
		};
/* End PBXTargetDependency section */

/* Begin XCBuildConfiguration section */
		D3148D2F2D53AEE700798B3D /* Debug */ = {
			isa = XCBuildConfiguration;
			buildSettings = {
				ALWAYS_SEARCH_USER_PATHS = NO;
				ASSETCATALOG_COMPILER_GENERATE_SWIFT_ASSET_SYMBOL_EXTENSIONS = YES;
				CLANG_ANALYZER_NONNULL = YES;
				CLANG_ANALYZER_NUMBER_OBJECT_CONVERSION = YES_AGGRESSIVE;
				CLANG_CXX_LANGUAGE_STANDARD = "gnu++20";
				CLANG_ENABLE_MODULES = YES;
				CLANG_ENABLE_OBJC_ARC = YES;
				CLANG_ENABLE_OBJC_WEAK = YES;
				CLANG_WARN_BLOCK_CAPTURE_AUTORELEASING = YES;
				CLANG_WARN_BOOL_CONVERSION = YES;
				CLANG_WARN_COMMA = YES;
				CLANG_WARN_CONSTANT_CONVERSION = YES;
				CLANG_WARN_DEPRECATED_OBJC_IMPLEMENTATIONS = YES;
				CLANG_WARN_DIRECT_OBJC_ISA_USAGE = YES_ERROR;
				CLANG_WARN_DOCUMENTATION_COMMENTS = YES;
				CLANG_WARN_EMPTY_BODY = YES;
				CLANG_WARN_ENUM_CONVERSION = YES;
				CLANG_WARN_INFINITE_RECURSION = YES;
				CLANG_WARN_INT_CONVERSION = YES;
				CLANG_WARN_NON_LITERAL_NULL_CONVERSION = YES;
				CLANG_WARN_OBJC_IMPLICIT_RETAIN_SELF = YES;
				CLANG_WARN_OBJC_LITERAL_CONVERSION = YES;
				CLANG_WARN_OBJC_ROOT_CLASS = YES_ERROR;
				CLANG_WARN_QUOTED_INCLUDE_IN_FRAMEWORK_HEADER = YES;
				CLANG_WARN_RANGE_LOOP_ANALYSIS = YES;
				CLANG_WARN_STRICT_PROTOTYPES = YES;
				CLANG_WARN_SUSPICIOUS_MOVE = YES;
				CLANG_WARN_UNGUARDED_AVAILABILITY = YES_AGGRESSIVE;
				CLANG_WARN_UNREACHABLE_CODE = YES;
				CLANG_WARN__DUPLICATE_METHOD_MATCH = YES;
				COPY_PHASE_STRIP = NO;
				DEBUG_INFORMATION_FORMAT = dwarf;
				ENABLE_STRICT_OBJC_MSGSEND = YES;
				ENABLE_TESTABILITY = YES;
				ENABLE_USER_SCRIPT_SANDBOXING = YES;
				GCC_C_LANGUAGE_STANDARD = gnu17;
				GCC_DYNAMIC_NO_PIC = NO;
				GCC_NO_COMMON_BLOCKS = YES;
				GCC_OPTIMIZATION_LEVEL = 0;
				GCC_PREPROCESSOR_DEFINITIONS = (
					"DEBUG=1",
					"$(inherited)",
				);
				GCC_WARN_64_TO_32_BIT_CONVERSION = YES;
				GCC_WARN_ABOUT_RETURN_TYPE = YES_ERROR;
				GCC_WARN_UNDECLARED_SELECTOR = YES;
				GCC_WARN_UNINITIALIZED_AUTOS = YES_AGGRESSIVE;
				GCC_WARN_UNUSED_FUNCTION = YES;
				GCC_WARN_UNUSED_VARIABLE = YES;
				IPHONEOS_DEPLOYMENT_TARGET = 18.2;
				LOCALIZATION_PREFERS_STRING_CATALOGS = YES;
				MTL_ENABLE_DEBUG_INFO = INCLUDE_SOURCE;
				MTL_FAST_MATH = YES;
				ONLY_ACTIVE_ARCH = YES;
				SDKROOT = iphoneos;
				SWIFT_ACTIVE_COMPILATION_CONDITIONS = "DEBUG $(inherited)";
				SWIFT_OPTIMIZATION_LEVEL = "-Onone";
			};
			name = Debug;
		};
		D3148D302D53AEE700798B3D /* Release */ = {
			isa = XCBuildConfiguration;
			buildSettings = {
				ALWAYS_SEARCH_USER_PATHS = NO;
				ASSETCATALOG_COMPILER_GENERATE_SWIFT_ASSET_SYMBOL_EXTENSIONS = YES;
				CLANG_ANALYZER_NONNULL = YES;
				CLANG_ANALYZER_NUMBER_OBJECT_CONVERSION = YES_AGGRESSIVE;
				CLANG_CXX_LANGUAGE_STANDARD = "gnu++20";
				CLANG_ENABLE_MODULES = YES;
				CLANG_ENABLE_OBJC_ARC = YES;
				CLANG_ENABLE_OBJC_WEAK = YES;
				CLANG_WARN_BLOCK_CAPTURE_AUTORELEASING = YES;
				CLANG_WARN_BOOL_CONVERSION = YES;
				CLANG_WARN_COMMA = YES;
				CLANG_WARN_CONSTANT_CONVERSION = YES;
				CLANG_WARN_DEPRECATED_OBJC_IMPLEMENTATIONS = YES;
				CLANG_WARN_DIRECT_OBJC_ISA_USAGE = YES_ERROR;
				CLANG_WARN_DOCUMENTATION_COMMENTS = YES;
				CLANG_WARN_EMPTY_BODY = YES;
				CLANG_WARN_ENUM_CONVERSION = YES;
				CLANG_WARN_INFINITE_RECURSION = YES;
				CLANG_WARN_INT_CONVERSION = YES;
				CLANG_WARN_NON_LITERAL_NULL_CONVERSION = YES;
				CLANG_WARN_OBJC_IMPLICIT_RETAIN_SELF = YES;
				CLANG_WARN_OBJC_LITERAL_CONVERSION = YES;
				CLANG_WARN_OBJC_ROOT_CLASS = YES_ERROR;
				CLANG_WARN_QUOTED_INCLUDE_IN_FRAMEWORK_HEADER = YES;
				CLANG_WARN_RANGE_LOOP_ANALYSIS = YES;
				CLANG_WARN_STRICT_PROTOTYPES = YES;
				CLANG_WARN_SUSPICIOUS_MOVE = YES;
				CLANG_WARN_UNGUARDED_AVAILABILITY = YES_AGGRESSIVE;
				CLANG_WARN_UNREACHABLE_CODE = YES;
				CLANG_WARN__DUPLICATE_METHOD_MATCH = YES;
				COPY_PHASE_STRIP = NO;
				DEBUG_INFORMATION_FORMAT = "dwarf-with-dsym";
				ENABLE_NS_ASSERTIONS = NO;
				ENABLE_STRICT_OBJC_MSGSEND = YES;
				ENABLE_USER_SCRIPT_SANDBOXING = YES;
				GCC_C_LANGUAGE_STANDARD = gnu17;
				GCC_NO_COMMON_BLOCKS = YES;
				GCC_WARN_64_TO_32_BIT_CONVERSION = YES;
				GCC_WARN_ABOUT_RETURN_TYPE = YES_ERROR;
				GCC_WARN_UNDECLARED_SELECTOR = YES;
				GCC_WARN_UNINITIALIZED_AUTOS = YES_AGGRESSIVE;
				GCC_WARN_UNUSED_FUNCTION = YES;
				GCC_WARN_UNUSED_VARIABLE = YES;
				IPHONEOS_DEPLOYMENT_TARGET = 18.2;
				LOCALIZATION_PREFERS_STRING_CATALOGS = YES;
				MTL_ENABLE_DEBUG_INFO = NO;
				MTL_FAST_MATH = YES;
				SDKROOT = iphoneos;
				SWIFT_COMPILATION_MODE = wholemodule;
				VALIDATE_PRODUCT = YES;
			};
			name = Release;
		};
		D3148D322D53AEE700798B3D /* Debug */ = {
			isa = XCBuildConfiguration;
			buildSettings = {
				ASSETCATALOG_COMPILER_APPICON_NAME = AppIcon;
				ASSETCATALOG_COMPILER_GLOBAL_ACCENT_COLOR_NAME = AccentColor;
				CODE_SIGN_STYLE = Automatic;
				CURRENT_PROJECT_VERSION = 1;
				DEVELOPMENT_ASSET_PATHS = "\"GoogleAuth2/Preview Content\"";
				ENABLE_PREVIEWS = YES;
				GENERATE_INFOPLIST_FILE = YES;
				INFOPLIST_KEY_UIApplicationSceneManifest_Generation = YES;
				INFOPLIST_KEY_UIApplicationSupportsIndirectInputEvents = YES;
				INFOPLIST_KEY_UILaunchScreen_Generation = YES;
				INFOPLIST_KEY_UISupportedInterfaceOrientations_iPad = "UIInterfaceOrientationPortrait UIInterfaceOrientationPortraitUpsideDown UIInterfaceOrientationLandscapeLeft UIInterfaceOrientationLandscapeRight";
				INFOPLIST_KEY_UISupportedInterfaceOrientations_iPhone = "UIInterfaceOrientationPortrait UIInterfaceOrientationLandscapeLeft UIInterfaceOrientationLandscapeRight";
				LD_RUNPATH_SEARCH_PATHS = (
					"$(inherited)",
					"@executable_path/Frameworks",
				);
				MARKETING_VERSION = 1.0;
				PRODUCT_BUNDLE_IDENTIFIER = com.vikhyat.GoogleAuth2;
				PRODUCT_NAME = "$(TARGET_NAME)";
				SWIFT_EMIT_LOC_STRINGS = YES;
				SWIFT_VERSION = 5.0;
				TARGETED_DEVICE_FAMILY = "1,2";
			};
			name = Debug;
		};
		D3148D332D53AEE700798B3D /* Release */ = {
			isa = XCBuildConfiguration;
			buildSettings = {
				ASSETCATALOG_COMPILER_APPICON_NAME = AppIcon;
				ASSETCATALOG_COMPILER_GLOBAL_ACCENT_COLOR_NAME = AccentColor;
				CODE_SIGN_STYLE = Automatic;
				CURRENT_PROJECT_VERSION = 1;
				DEVELOPMENT_ASSET_PATHS = "\"GoogleAuth2/Preview Content\"";
				ENABLE_PREVIEWS = YES;
				GENERATE_INFOPLIST_FILE = YES;
				INFOPLIST_KEY_UIApplicationSceneManifest_Generation = YES;
				INFOPLIST_KEY_UIApplicationSupportsIndirectInputEvents = YES;
				INFOPLIST_KEY_UILaunchScreen_Generation = YES;
				INFOPLIST_KEY_UISupportedInterfaceOrientations_iPad = "UIInterfaceOrientationPortrait UIInterfaceOrientationPortraitUpsideDown UIInterfaceOrientationLandscapeLeft UIInterfaceOrientationLandscapeRight";
				INFOPLIST_KEY_UISupportedInterfaceOrientations_iPhone = "UIInterfaceOrientationPortrait UIInterfaceOrientationLandscapeLeft UIInterfaceOrientationLandscapeRight";
				LD_RUNPATH_SEARCH_PATHS = (
					"$(inherited)",
					"@executable_path/Frameworks",
				);
				MARKETING_VERSION = 1.0;
				PRODUCT_BUNDLE_IDENTIFIER = com.vikhyat.GoogleAuth2;
				PRODUCT_NAME = "$(TARGET_NAME)";
				SWIFT_EMIT_LOC_STRINGS = YES;
				SWIFT_VERSION = 5.0;
				TARGETED_DEVICE_FAMILY = "1,2";
			};
			name = Release;
		};
		D3148D352D53AEE700798B3D /* Debug */ = {
			isa = XCBuildConfiguration;
			buildSettings = {
				BUNDLE_LOADER = "$(TEST_HOST)";
				CODE_SIGN_STYLE = Automatic;
				CURRENT_PROJECT_VERSION = 1;
				GENERATE_INFOPLIST_FILE = YES;
				IPHONEOS_DEPLOYMENT_TARGET = 18.2;
				MARKETING_VERSION = 1.0;
				PRODUCT_BUNDLE_IDENTIFIER = com.vikhyat.GoogleAuth2Tests;
				PRODUCT_NAME = "$(TARGET_NAME)";
				SWIFT_EMIT_LOC_STRINGS = NO;
				SWIFT_VERSION = 5.0;
				TARGETED_DEVICE_FAMILY = "1,2";
				TEST_HOST = "$(BUILT_PRODUCTS_DIR)/GoogleAuth2.app/$(BUNDLE_EXECUTABLE_FOLDER_PATH)/GoogleAuth2";
			};
			name = Debug;
		};
		D3148D362D53AEE700798B3D /* Release */ = {
			isa = XCBuildConfiguration;
			buildSettings = {
				BUNDLE_LOADER = "$(TEST_HOST)";
				CODE_SIGN_STYLE = Automatic;
				CURRENT_PROJECT_VERSION = 1;
				GENERATE_INFOPLIST_FILE = YES;
				IPHONEOS_DEPLOYMENT_TARGET = 18.2;
				MARKETING_VERSION = 1.0;
				PRODUCT_BUNDLE_IDENTIFIER = com.vikhyat.GoogleAuth2Tests;
				PRODUCT_NAME = "$(TARGET_NAME)";
				SWIFT_EMIT_LOC_STRINGS = NO;
				SWIFT_VERSION = 5.0;
				TARGETED_DEVICE_FAMILY = "1,2";
				TEST_HOST = "$(BUILT_PRODUCTS_DIR)/GoogleAuth2.app/$(BUNDLE_EXECUTABLE_FOLDER_PATH)/GoogleAuth2";
			};
			name = Release;
		};
		D3148D382D53AEE700798B3D /* Debug */ = {
			isa = XCBuildConfiguration;
			buildSettings = {
				CODE_SIGN_STYLE = Automatic;
				CURRENT_PROJECT_VERSION = 1;
				GENERATE_INFOPLIST_FILE = YES;
				MARKETING_VERSION = 1.0;
				PRODUCT_BUNDLE_IDENTIFIER = com.vikhyat.GoogleAuth2UITests;
				PRODUCT_NAME = "$(TARGET_NAME)";
				SWIFT_EMIT_LOC_STRINGS = NO;
				SWIFT_VERSION = 5.0;
				TARGETED_DEVICE_FAMILY = "1,2";
				TEST_TARGET_NAME = GoogleAuth2;
			};
			name = Debug;
		};
		D3148D392D53AEE700798B3D /* Release */ = {
			isa = XCBuildConfiguration;
			buildSettings = {
				CODE_SIGN_STYLE = Automatic;
				CURRENT_PROJECT_VERSION = 1;
				GENERATE_INFOPLIST_FILE = YES;
				MARKETING_VERSION = 1.0;
				PRODUCT_BUNDLE_IDENTIFIER = com.vikhyat.GoogleAuth2UITests;
				PRODUCT_NAME = "$(TARGET_NAME)";
				SWIFT_EMIT_LOC_STRINGS = NO;
				SWIFT_VERSION = 5.0;
				TARGETED_DEVICE_FAMILY = "1,2";
				TEST_TARGET_NAME = GoogleAuth2;
			};
			name = Release;
		};
/* End XCBuildConfiguration section */

/* Begin XCConfigurationList section */
		D3148D082D53AEE600798B3D /* Build configuration list for PBXProject "GoogleAuth2" */ = {
			isa = XCConfigurationList;
			buildConfigurations = (
				D3148D2F2D53AEE700798B3D /* Debug */,
				D3148D302D53AEE700798B3D /* Release */,
			);
			defaultConfigurationIsVisible = 0;
			defaultConfigurationName = Release;
		};
		D3148D312D53AEE700798B3D /* Build configuration list for PBXNativeTarget "GoogleAuth2" */ = {
			isa = XCConfigurationList;
			buildConfigurations = (
				D3148D322D53AEE700798B3D /* Debug */,
				D3148D332D53AEE700798B3D /* Release */,
			);
			defaultConfigurationIsVisible = 0;
			defaultConfigurationName = Release;
		};
		D3148D342D53AEE700798B3D /* Build configuration list for PBXNativeTarget "GoogleAuth2Tests" */ = {
			isa = XCConfigurationList;
			buildConfigurations = (
				D3148D352D53AEE700798B3D /* Debug */,
				D3148D362D53AEE700798B3D /* Release */,
			);
			defaultConfigurationIsVisible = 0;
			defaultConfigurationName = Release;
		};
		D3148D372D53AEE700798B3D /* Build configuration list for PBXNativeTarget "GoogleAuth2UITests" */ = {
			isa = XCConfigurationList;
			buildConfigurations = (
				D3148D382D53AEE700798B3D /* Debug */,
				D3148D392D53AEE700798B3D /* Release */,
			);
			defaultConfigurationIsVisible = 0;
			defaultConfigurationName = Release;
		};
/* End XCConfigurationList section */
	};
	rootObject = D3148D052D53AEE600798B3D /* Project object */;
}
